
Microsoft Visual Studio Solution File, Format Version 12.00
# Visual Studio Version 17
VisualStudioVersion = 17.0.31903.59
MinimumVisualStudioVersion = 10.0.40219.1
Project("{FAE04EC0-301F-11D3-BF4B-00C04F79EFBC}") = "API", "API\API.csproj", "{F05B2763-0D86-432E-AA9D-542E4E16B44F}"
EndProject
Project("{FAE04EC0-301F-11D3-BF4B-00C04F79EFBC}") = "Core", "Core\Core.csproj", "{DFE4A2F0-417E-49C4-BE39-B95E2D7E2CCD}"
EndProject
Project("{FAE04EC0-301F-11D3-BF4B-00C04F79EFBC}") = "Infrastructure", "Infrastructure\Infrastructure.csproj", "{E831C617-238E-486B-8D44-998ACC43C4FE}"
EndProject
Global
	GlobalSection(SolutionConfigurationPlatforms) = preSolution
		Debug|Any CPU = Debug|Any CPU
		Release|Any CPU = Release|Any CPU
	EndGlobalSection
	GlobalSection(SolutionProperties) = preSolution
		HideSolutionNode = FALSE
	EndGlobalSection
	GlobalSection(ProjectConfigurationPlatforms) = postSolution
		{F05B2763-0D86-432E-AA9D-542E4E16B44F}.Debug|Any CPU.ActiveCfg = Debug|Any CPU
		{F05B2763-0D86-432E-AA9D-542E4E16B44F}.Debug|Any CPU.Build.0 = Debug|Any CPU
		{F05B2763-0D86-432E-AA9D-542E4E16B44F}.Release|Any CPU.ActiveCfg = Release|Any CPU
		{F05B2763-0D86-432E-AA9D-542E4E16B44F}.Release|Any CPU.Build.0 = Release|Any CPU
		{DFE4A2F0-417E-49C4-BE39-B95E2D7E2CCD}.Debug|Any CPU.ActiveCfg = Debug|Any CPU
		{DFE4A2F0-417E-49C4-BE39-B95E2D7E2CCD}.Debug|Any CPU.Build.0 = Debug|Any CPU
		{DFE4A2F0-417E-49C4-BE39-B95E2D7E2CCD}.Release|Any CPU.ActiveCfg = Release|Any CPU
		{DFE4A2F0-417E-49C4-BE39-B95E2D7E2CCD}.Release|Any CPU.Build.0 = Release|Any CPU
		{E831C617-238E-486B-8D44-998ACC43C4FE}.Debug|Any CPU.ActiveCfg = Debug|Any CPU
		{E831C617-238E-486B-8D44-998ACC43C4FE}.Debug|Any CPU.Build.0 = Debug|Any CPU
		{E831C617-238E-486B-8D44-998ACC43C4FE}.Release|Any CPU.ActiveCfg = Release|Any CPU
		{E831C617-238E-486B-8D44-998ACC43C4FE}.Release|Any CPU.Build.0 = Release|Any CPU
	EndGlobalSection
EndGlobal
